// !$*UTF8*$!
{
	archiveVersion = 1;
	classes = {
	};
	objectVersion = 56;
	objects = {

/* Begin PBXBuildFile section */
		DC1C9F692B823EA700F0070A /* TaskyApp.swift in Sources */ = {isa = PBXBuildFile; fileRef = DC1C9F682B823EA700F0070A /* TaskyApp.swift */; };
		DC1C9F6B2B823EA700F0070A /* ContentView.swift in Sources */ = {isa = PBXBuildFile; fileRef = DC1C9F6A2B823EA700F0070A /* ContentView.swift */; };
		DC1C9F6D2B823EA900F0070A /* Assets.xcassets in Resources */ = {isa = PBXBuildFile; fileRef = DC1C9F6C2B823EA900F0070A /* Assets.xcassets */; };
		DC1C9F702B823EA900F0070A /* Preview Assets.xcassets in Resources */ = {isa = PBXBuildFile; fileRef = DC1C9F6F2B823EA900F0070A /* Preview Assets.xcassets */; };
		DC1C9F7A2B823EAA00F0070A /* TaskyTests.swift in Sources */ = {isa = PBXBuildFile; fileRef = DC1C9F792B823EAA00F0070A /* TaskyTests.swift */; };
		DC1C9F842B823EAA00F0070A /* TaskyUITests.swift in Sources */ = {isa = PBXBuildFile; fileRef = DC1C9F832B823EAA00F0070A /* TaskyUITests.swift */; };
		DC1C9F862B823EAA00F0070A /* TaskyUITestsLaunchTests.swift in Sources */ = {isa = PBXBuildFile; fileRef = DC1C9F852B823EAA00F0070A /* TaskyUITestsLaunchTests.swift */; };
/* End PBXBuildFile section */

/* Begin PBXContainerItemProxy section */
		DC1C9F762B823EAA00F0070A /* PBXContainerItemProxy */ = {
			isa = PBXContainerItemProxy;
			containerPortal = DC1C9F5D2B823EA700F0070A /* Project object */;
			proxyType = 1;
			remoteGlobalIDString = DC1C9F642B823EA700F0070A;
			remoteInfo = Tasky;
		};
		DC1C9F802B823EAA00F0070A /* PBXContainerItemProxy */ = {
			isa = PBXContainerItemProxy;
			containerPortal = DC1C9F5D2B823EA700F0070A /* Project object */;
			proxyType = 1;
			remoteGlobalIDString = DC1C9F642B823EA700F0070A;
			remoteInfo = Tasky;
		};
/* End PBXContainerItemProxy section */

/* Begin PBXFileReference section */
		DC1C9F652B823EA700F0070A /* Tasky.app */ = {isa = PBXFileReference; explicitFileType = wrapper.application; includeInIndex = 0; path = Tasky.app; sourceTree = BUILT_PRODUCTS_DIR; };
		DC1C9F682B823EA700F0070A /* TaskyApp.swift */ = {isa = PBXFileReference; lastKnownFileType = sourcecode.swift; path = TaskyApp.swift; sourceTree = "<group>"; };
		DC1C9F6A2B823EA700F0070A /* ContentView.swift */ = {isa = PBXFileReference; lastKnownFileType = sourcecode.swift; path = ContentView.swift; sourceTree = "<group>"; };
		DC1C9F6C2B823EA900F0070A /* Assets.xcassets */ = {isa = PBXFileReference; lastKnownFileType = folder.assetcatalog; path = Assets.xcassets; sourceTree = "<group>"; };
		DC1C9F6F2B823EA900F0070A /* Preview Assets.xcassets */ = {isa = PBXFileReference; lastKnownFileType = folder.assetcatalog; path = "Preview Assets.xcassets"; sourceTree = "<group>"; };
		DC1C9F752B823EAA00F0070A /* TaskyTests.xctest */ = {isa = PBXFileReference; explicitFileType = wrapper.cfbundle; includeInIndex = 0; path = TaskyTests.xctest; sourceTree = BUILT_PRODUCTS_DIR; };
		DC1C9F792B823EAA00F0070A /* TaskyTests.swift */ = {isa = PBXFileReference; lastKnownFileType = sourcecode.swift; path = TaskyTests.swift; sourceTree = "<group>"; };
		DC1C9F7F2B823EAA00F0070A /* TaskyUITests.xctest */ = {isa = PBXFileReference; explicitFileType = wrapper.cfbundle; includeInIndex = 0; path = TaskyUITests.xctest; sourceTree = BUILT_PRODUCTS_DIR; };
		DC1C9F832B823EAA00F0070A /* TaskyUITests.swift */ = {isa = PBXFileReference; lastKnownFileType = sourcecode.swift; path = TaskyUITests.swift; sourceTree = "<group>"; };
		DC1C9F852B823EAA00F0070A /* TaskyUITestsLaunchTests.swift */ = {isa = PBXFileReference; lastKnownFileType = sourcecode.swift; path = TaskyUITestsLaunchTests.swift; sourceTree = "<group>"; };
/* End PBXFileReference section */

/* Begin PBXFrameworksBuildPhase section */
		DC1C9F622B823EA700F0070A /* Frameworks */ = {
			isa = PBXFrameworksBuildPhase;
			buildActionMask = 2147483647;
			files = (
			);
			runOnlyForDeploymentPostprocessing = 0;
		};
		DC1C9F722B823EAA00F0070A /* Frameworks */ = {
			isa = PBXFrameworksBuildPhase;
			buildActionMask = 2147483647;
			files = (
			);
			runOnlyForDeploymentPostprocessing = 0;
		};
		DC1C9F7C2B823EAA00F0070A /* Frameworks */ = {
			isa = PBXFrameworksBuildPhase;
			buildActionMask = 2147483647;
			files = (
			);
			runOnlyForDeploymentPostprocessing = 0;
		};
/* End PBXFrameworksBuildPhase section */

/* Begin PBXGroup section */
		DC1C9F5C2B823EA700F0070A = {
			isa = PBXGroup;
			children = (
				DC1C9F672B823EA700F0070A /* Tasky */,
				DC1C9F782B823EAA00F0070A /* TaskyTests */,
				DC1C9F822B823EAA00F0070A /* TaskyUITests */,
				DC1C9F662B823EA700F0070A /* Products */,
			);
			sourceTree = "<group>";
		};
		DC1C9F662B823EA700F0070A /* Products */ = {
			isa = PBXGroup;
			children = (
				DC1C9F652B823EA700F0070A /* Tasky.app */,
				DC1C9F752B823EAA00F0070A /* TaskyTests.xctest */,
				DC1C9F7F2B823EAA00F0070A /* TaskyUITests.xctest */,
			);
			name = Products;
			sourceTree = "<group>";
		};
		DC1C9F672B823EA700F0070A /* Tasky */ = {
			isa = PBXGroup;
			children = (
				DC1C9F682B823EA700F0070A /* TaskyApp.swift */,
				DC1C9F6A2B823EA700F0070A /* ContentView.swift */,
				DC1C9F6C2B823EA900F0070A /* Assets.xcassets */,
				DC1C9F6E2B823EA900F0070A /* Preview Content */,
			);
			path = Tasky;
			sourceTree = "<group>";
		};
		DC1C9F6E2B823EA900F0070A /* Preview Content */ = {
			isa = PBXGroup;
			children = (
				DC1C9F6F2B823EA900F0070A /* Preview Assets.xcassets */,
			);
			path = "Preview Content";
			sourceTree = "<group>";
		};
		DC1C9F782B823EAA00F0070A /* TaskyTests */ = {
			isa = PBXGroup;
			children = (
				DC1C9F792B823EAA00F0070A /* TaskyTests.swift */,
			);
			path = TaskyTests;
			sourceTree = "<group>";
		};
		DC1C9F822B823EAA00F0070A /* TaskyUITests */ = {
			isa = PBXGroup;
			children = (
				DC1C9F832B823EAA00F0070A /* TaskyUITests.swift */,
				DC1C9F852B823EAA00F0070A /* TaskyUITestsLaunchTests.swift */,
			);
			path = TaskyUITests;
			sourceTree = "<group>";
		};
/* End PBXGroup section */

/* Begin PBXNativeTarget section */
		DC1C9F642B823EA700F0070A /* Tasky */ = {
			isa = PBXNativeTarget;
			buildConfigurationList = DC1C9F892B823EAA00F0070A /* Build configuration list for PBXNativeTarget "Tasky" */;
			buildPhases = (
				DC1C9F612B823EA700F0070A /* Sources */,
				DC1C9F622B823EA700F0070A /* Frameworks */,
				DC1C9F632B823EA700F0070A /* Resources */,
			);
			buildRules = (
			);
			dependencies = (
			);
			name = Tasky;
			productName = Tasky;
			productReference = DC1C9F652B823EA700F0070A /* Tasky.app */;
			productType = "com.apple.product-type.application";
		};
		DC1C9F742B823EAA00F0070A /* TaskyTests */ = {
			isa = PBXNativeTarget;
			buildConfigurationList = DC1C9F8C2B823EAA00F0070A /* Build configuration list for PBXNativeTarget "TaskyTests" */;
			buildPhases = (
				DC1C9F712B823EAA00F0070A /* Sources */,
				DC1C9F722B823EAA00F0070A /* Frameworks */,
				DC1C9F732B823EAA00F0070A /* Resources */,
			);
			buildRules = (
			);
			dependencies = (
				DC1C9F772B823EAA00F0070A /* PBXTargetDependency */,
			);
			name = TaskyTests;
			productName = TaskyTests;
			productReference = DC1C9F752B823EAA00F0070A /* TaskyTests.xctest */;
			productType = "com.apple.product-type.bundle.unit-test";
		};
		DC1C9F7E2B823EAA00F0070A /* TaskyUITests */ = {
			isa = PBXNativeTarget;
			buildConfigurationList = DC1C9F8F2B823EAA00F0070A /* Build configuration list for PBXNativeTarget "TaskyUITests" */;
			buildPhases = (
				DC1C9F7B2B823EAA00F0070A /* Sources */,
				DC1C9F7C2B823EAA00F0070A /* Frameworks */,
				DC1C9F7D2B823EAA00F0070A /* Resources */,
			);
			buildRules = (
			);
			dependencies = (
				DC1C9F812B823EAA00F0070A /* PBXTargetDependency */,
			);
			name = TaskyUITests;
			productName = TaskyUITests;
			productReference = DC1C9F7F2B823EAA00F0070A /* TaskyUITests.xctest */;
			productType = "com.apple.product-type.bundle.ui-testing";
		};
/* End PBXNativeTarget section */

/* Begin PBXProject section */
		DC1C9F5D2B823EA700F0070A /* Project object */ = {
			isa = PBXProject;
			attributes = {
				BuildIndependentTargetsInParallel = 1;
				LastSwiftUpdateCheck = 1500;
				LastUpgradeCheck = 1500;
				TargetAttributes = {
					DC1C9F642B823EA700F0070A = {
						CreatedOnToolsVersion = 15.0;
					};
					DC1C9F742B823EAA00F0070A = {
						CreatedOnToolsVersion = 15.0;
						TestTargetID = DC1C9F642B823EA700F0070A;
					};
					DC1C9F7E2B823EAA00F0070A = {
						CreatedOnToolsVersion = 15.0;
						TestTargetID = DC1C9F642B823EA700F0070A;
					};
				};
			};
			buildConfigurationList = DC1C9F602B823EA700F0070A /* Build configuration list for PBXProject "Tasky" */;
			compatibilityVersion = "Xcode 14.0";
			developmentRegion = en;
			hasScannedForEncodings = 0;
			knownRegions = (
				en,
				Base,
			);
			mainGroup = DC1C9F5C2B823EA700F0070A;
			productRefGroup = DC1C9F662B823EA700F0070A /* Products */;
			projectDirPath = "";
			projectRoot = "";
			targets = (
				DC1C9F642B823EA700F0070A /* Tasky */,
				DC1C9F742B823EAA00F0070A /* TaskyTests */,
				DC1C9F7E2B823EAA00F0070A /* TaskyUITests */,
			);
		};
/* End PBXProject section */

/* Begin PBXResourcesBuildPhase section */
		DC1C9F632B823EA700F0070A /* Resources */ = {
			isa = PBXResourcesBuildPhase;
			buildActionMask = 2147483647;
			files = (
				DC1C9F702B823EA900F0070A /* Preview Assets.xcassets in Resources */,
				DC1C9F6D2B823EA900F0070A /* Assets.xcassets in Resources */,
			);
			runOnlyForDeploymentPostprocessing = 0;
		};
		DC1C9F732B823EAA00F0070A /* Resources */ = {
			isa = PBXResourcesBuildPhase;
			buildActionMask = 2147483647;
			files = (
			);
			runOnlyForDeploymentPostprocessing = 0;
		};
		DC1C9F7D2B823EAA00F0070A /* Resources */ = {
			isa = PBXResourcesBuildPhase;
			buildActionMask = 2147483647;
			files = (
			);
			runOnlyForDeploymentPostprocessing = 0;
		};
/* End PBXResourcesBuildPhase section */

/* Begin PBXSourcesBuildPhase section */
		DC1C9F612B823EA700F0070A /* Sources */ = {
			isa = PBXSourcesBuildPhase;
			buildActionMask = 2147483647;
			files = (
				DC1C9F6B2B823EA700F0070A /* ContentView.swift in Sources */,
				DC1C9F692B823EA700F0070A /* TaskyApp.swift in Sources */,
			);
			runOnlyForDeploymentPostprocessing = 0;
		};
		DC1C9F712B823EAA00F0070A /* Sources */ = {
			isa = PBXSourcesBuildPhase;
			buildActionMask = 2147483647;
			files = (
				DC1C9F7A2B823EAA00F0070A /* TaskyTests.swift in Sources */,
			);
			runOnlyForDeploymentPostprocessing = 0;
		};
		DC1C9F7B2B823EAA00F0070A /* Sources */ = {
			isa = PBXSourcesBuildPhase;
			buildActionMask = 2147483647;
			files = (
				DC1C9F842B823EAA00F0070A /* TaskyUITests.swift in Sources */,
				DC1C9F862B823EAA00F0070A /* TaskyUITestsLaunchTests.swift in Sources */,
			);
			runOnlyForDeploymentPostprocessing = 0;
		};
/* End PBXSourcesBuildPhase section */

/* Begin PBXTargetDependency section */
		DC1C9F772B823EAA00F0070A /* PBXTargetDependency */ = {
			isa = PBXTargetDependency;
			target = DC1C9F642B823EA700F0070A /* Tasky */;
			targetProxy = DC1C9F762B823EAA00F0070A /* PBXContainerItemProxy */;
		};
		DC1C9F812B823EAA00F0070A /* PBXTargetDependency */ = {
			isa = PBXTargetDependency;
			target = DC1C9F642B823EA700F0070A /* Tasky */;
			targetProxy = DC1C9F802B823EAA00F0070A /* PBXContainerItemProxy */;
		};
/* End PBXTargetDependency section */

/* Begin XCBuildConfiguration section */
		DC1C9F872B823EAA00F0070A /* Debug */ = {
			isa = XCBuildConfiguration;
			buildSettings = {
				ALWAYS_SEARCH_USER_PATHS = NO;
				ASSETCATALOG_COMPILER_GENERATE_SWIFT_ASSET_SYMBOL_EXTENSIONS = YES;
				CLANG_ANALYZER_NONNULL = YES;
				CLANG_ANALYZER_NUMBER_OBJECT_CONVERSION = YES_AGGRESSIVE;
				CLANG_CXX_LANGUAGE_STANDARD = "gnu++20";
				CLANG_ENABLE_MODULES = YES;
				CLANG_ENABLE_OBJC_ARC = YES;
				CLANG_ENABLE_OBJC_WEAK = YES;
				CLANG_WARN_BLOCK_CAPTURE_AUTORELEASING = YES;
				CLANG_WARN_BOOL_CONVERSION = YES;
				CLANG_WARN_COMMA = YES;
				CLANG_WARN_CONSTANT_CONVERSION = YES;
				CLANG_WARN_DEPRECATED_OBJC_IMPLEMENTATIONS = YES;
				CLANG_WARN_DIRECT_OBJC_ISA_USAGE = YES_ERROR;
				CLANG_WARN_DOCUMENTATION_COMMENTS = YES;
				CLANG_WARN_EMPTY_BODY = YES;
				CLANG_WARN_ENUM_CONVERSION = YES;
				CLANG_WARN_INFINITE_RECURSION = YES;
				CLANG_WARN_INT_CONVERSION = YES;
				CLANG_WARN_NON_LITERAL_NULL_CONVERSION = YES;
				CLANG_WARN_OBJC_IMPLICIT_RETAIN_SELF = YES;
				CLANG_WARN_OBJC_LITERAL_CONVERSION = YES;
				CLANG_WARN_OBJC_ROOT_CLASS = YES_ERROR;
				CLANG_WARN_QUOTED_INCLUDE_IN_FRAMEWORK_HEADER = YES;
				CLANG_WARN_RANGE_LOOP_ANALYSIS = YES;
				CLANG_WARN_STRICT_PROTOTYPES = YES;
				CLANG_WARN_SUSPICIOUS_MOVE = YES;
				CLANG_WARN_UNGUARDED_AVAILABILITY = YES_AGGRESSIVE;
				CLANG_WARN_UNREACHABLE_CODE = YES;
				CLANG_WARN__DUPLICATE_METHOD_MATCH = YES;
				COPY_PHASE_STRIP = NO;
				DEBUG_INFORMATION_FORMAT = dwarf;
				ENABLE_STRICT_OBJC_MSGSEND = YES;
				ENABLE_TESTABILITY = YES;
				ENABLE_USER_SCRIPT_SANDBOXING = YES;
				GCC_C_LANGUAGE_STANDARD = gnu17;
				GCC_DYNAMIC_NO_PIC = NO;
				GCC_NO_COMMON_BLOCKS = YES;
				GCC_OPTIMIZATION_LEVEL = 0;
				GCC_PREPROCESSOR_DEFINITIONS = (
					"DEBUG=1",
					"$(inherited)",
				);
				GCC_WARN_64_TO_32_BIT_CONVERSION = YES;
				GCC_WARN_ABOUT_RETURN_TYPE = YES_ERROR;
				GCC_WARN_UNDECLARED_SELECTOR = YES;
				GCC_WARN_UNINITIALIZED_AUTOS = YES_AGGRESSIVE;
				GCC_WARN_UNUSED_FUNCTION = YES;
				GCC_WARN_UNUSED_VARIABLE = YES;
				IPHONEOS_DEPLOYMENT_TARGET = 17.0;
				LOCALIZATION_PREFERS_STRING_CATALOGS = YES;
				MTL_ENABLE_DEBUG_INFO = INCLUDE_SOURCE;
				MTL_FAST_MATH = YES;
				ONLY_ACTIVE_ARCH = YES;
				SDKROOT = iphoneos;
				SWIFT_ACTIVE_COMPILATION_CONDITIONS = "DEBUG $(inherited)";
				SWIFT_OPTIMIZATION_LEVEL = "-Onone";
			};
			name = Debug;
		};
		DC1C9F882B823EAA00F0070A /* Release */ = {
			isa = XCBuildConfiguration;
			buildSettings = {
				ALWAYS_SEARCH_USER_PATHS = NO;
				ASSETCATALOG_COMPILER_GENERATE_SWIFT_ASSET_SYMBOL_EXTENSIONS = YES;
				CLANG_ANALYZER_NONNULL = YES;
				CLANG_ANALYZER_NUMBER_OBJECT_CONVERSION = YES_AGGRESSIVE;
				CLANG_CXX_LANGUAGE_STANDARD = "gnu++20";
				CLANG_ENABLE_MODULES = YES;
				CLANG_ENABLE_OBJC_ARC = YES;
				CLANG_ENABLE_OBJC_WEAK = YES;
				CLANG_WARN_BLOCK_CAPTURE_AUTORELEASING = YES;
				CLANG_WARN_BOOL_CONVERSION = YES;
				CLANG_WARN_COMMA = YES;
				CLANG_WARN_CONSTANT_CONVERSION = YES;
				CLANG_WARN_DEPRECATED_OBJC_IMPLEMENTATIONS = YES;
				CLANG_WARN_DIRECT_OBJC_ISA_USAGE = YES_ERROR;
				CLANG_WARN_DOCUMENTATION_COMMENTS = YES;
				CLANG_WARN_EMPTY_BODY = YES;
				CLANG_WARN_ENUM_CONVERSION = YES;
				CLANG_WARN_INFINITE_RECURSION = YES;
				CLANG_WARN_INT_CONVERSION = YES;
				CLANG_WARN_NON_LITERAL_NULL_CONVERSION = YES;
				CLANG_WARN_OBJC_IMPLICIT_RETAIN_SELF = YES;
				CLANG_WARN_OBJC_LITERAL_CONVERSION = YES;
				CLANG_WARN_OBJC_ROOT_CLASS = YES_ERROR;
				CLANG_WARN_QUOTED_INCLUDE_IN_FRAMEWORK_HEADER = YES;
				CLANG_WARN_RANGE_LOOP_ANALYSIS = YES;
				CLANG_WARN_STRICT_PROTOTYPES = YES;
				CLANG_WARN_SUSPICIOUS_MOVE = YES;
				CLANG_WARN_UNGUARDED_AVAILABILITY = YES_AGGRESSIVE;
				CLANG_WARN_UNREACHABLE_CODE = YES;
				CLANG_WARN__DUPLICATE_METHOD_MATCH = YES;
				COPY_PHASE_STRIP = NO;
				DEBUG_INFORMATION_FORMAT = "dwarf-with-dsym";
				ENABLE_NS_ASSERTIONS = NO;
				ENABLE_STRICT_OBJC_MSGSEND = YES;
				ENABLE_USER_SCRIPT_SANDBOXING = YES;
				GCC_C_LANGUAGE_STANDARD = gnu17;
				GCC_NO_COMMON_BLOCKS = YES;
				GCC_WARN_64_TO_32_BIT_CONVERSION = YES;
				GCC_WARN_ABOUT_RETURN_TYPE = YES_ERROR;
				GCC_WARN_UNDECLARED_SELECTOR = YES;
				GCC_WARN_UNINITIALIZED_AUTOS = YES_AGGRESSIVE;
				GCC_WARN_UNUSED_FUNCTION = YES;
				GCC_WARN_UNUSED_VARIABLE = YES;
				IPHONEOS_DEPLOYMENT_TARGET = 17.0;
				LOCALIZATION_PREFERS_STRING_CATALOGS = YES;
				MTL_ENABLE_DEBUG_INFO = NO;
				MTL_FAST_MATH = YES;
				SDKROOT = iphoneos;
				SWIFT_COMPILATION_MODE = wholemodule;
				VALIDATE_PRODUCT = YES;
			};
			name = Release;
		};
		DC1C9F8A2B823EAA00F0070A /* Debug */ = {
			isa = XCBuildConfiguration;
			buildSettings = {
				ASSETCATALOG_COMPILER_APPICON_NAME = AppIcon;
				ASSETCATALOG_COMPILER_GLOBAL_ACCENT_COLOR_NAME = AccentColor;
				CODE_SIGN_STYLE = Automatic;
				CURRENT_PROJECT_VERSION = 1;
				DEVELOPMENT_ASSET_PATHS = "\"Tasky/Preview Content\"";
				DEVELOPMENT_TEAM = 58TK88D4SZ;
				ENABLE_PREVIEWS = YES;
				GENERATE_INFOPLIST_FILE = YES;
				INFOPLIST_KEY_UIApplicationSceneManifest_Generation = YES;
				INFOPLIST_KEY_UIApplicationSupportsIndirectInputEvents = YES;
				INFOPLIST_KEY_UILaunchScreen_Generation = YES;
				INFOPLIST_KEY_UISupportedInterfaceOrientations_iPad = "UIInterfaceOrientationPortrait UIInterfaceOrientationPortraitUpsideDown UIInterfaceOrientationLandscapeLeft UIInterfaceOrientationLandscapeRight";
				INFOPLIST_KEY_UISupportedInterfaceOrientations_iPhone = "UIInterfaceOrientationPortrait UIInterfaceOrientationLandscapeLeft UIInterfaceOrientationLandscapeRight";
				LD_RUNPATH_SEARCH_PATHS = (
					"$(inherited)",
					"@executable_path/Frameworks",
				);
				MARKETING_VERSION = 1.0;
				PRODUCT_BUNDLE_IDENTIFIER = com.flexcode.Tasky;
				PRODUCT_NAME = "$(TARGET_NAME)";
				SWIFT_EMIT_LOC_STRINGS = YES;
				SWIFT_VERSION = 5.0;
				TARGETED_DEVICE_FAMILY = "1,2";
			};
			name = Debug;
		};
		DC1C9F8B2B823EAA00F0070A /* Release */ = {
			isa = XCBuildConfiguration;
			buildSettings = {
				ASSETCATALOG_COMPILER_APPICON_NAME = AppIcon;
				ASSETCATALOG_COMPILER_GLOBAL_ACCENT_COLOR_NAME = AccentColor;
				CODE_SIGN_STYLE = Automatic;
				CURRENT_PROJECT_VERSION = 1;
				DEVELOPMENT_ASSET_PATHS = "\"Tasky/Preview Content\"";
				DEVELOPMENT_TEAM = 58TK88D4SZ;
				ENABLE_PREVIEWS = YES;
				GENERATE_INFOPLIST_FILE = YES;
				INFOPLIST_KEY_UIApplicationSceneManifest_Generation = YES;
				INFOPLIST_KEY_UIApplicationSupportsIndirectInputEvents = YES;
				INFOPLIST_KEY_UILaunchScreen_Generation = YES;
				INFOPLIST_KEY_UISupportedInterfaceOrientations_iPad = "UIInterfaceOrientationPortrait UIInterfaceOrientationPortraitUpsideDown UIInterfaceOrientationLandscapeLeft UIInterfaceOrientationLandscapeRight";
				INFOPLIST_KEY_UISupportedInterfaceOrientations_iPhone = "UIInterfaceOrientationPortrait UIInterfaceOrientationLandscapeLeft UIInterfaceOrientationLandscapeRight";
				LD_RUNPATH_SEARCH_PATHS = (
					"$(inherited)",
					"@executable_path/Frameworks",
				);
				MARKETING_VERSION = 1.0;
				PRODUCT_BUNDLE_IDENTIFIER = com.flexcode.Tasky;
				PRODUCT_NAME = "$(TARGET_NAME)";
				SWIFT_EMIT_LOC_STRINGS = YES;
				SWIFT_VERSION = 5.0;
				TARGETED_DEVICE_FAMILY = "1,2";
			};
			name = Release;
		};
		DC1C9F8D2B823EAA00F0070A /* Debug */ = {
			isa = XCBuildConfiguration;
			buildSettings = {
				ALWAYS_EMBED_SWIFT_STANDARD_LIBRARIES = YES;
				BUNDLE_LOADER = "$(TEST_HOST)";
				CODE_SIGN_STYLE = Automatic;
				CURRENT_PROJECT_VERSION = 1;
				DEVELOPMENT_TEAM = 58TK88D4SZ;
				GENERATE_INFOPLIST_FILE = YES;
				IPHONEOS_DEPLOYMENT_TARGET = 17.0;
				MARKETING_VERSION = 1.0;
				PRODUCT_BUNDLE_IDENTIFIER = com.flexcode.TaskyTests;
				PRODUCT_NAME = "$(TARGET_NAME)";
				SWIFT_EMIT_LOC_STRINGS = NO;
				SWIFT_VERSION = 5.0;
				TARGETED_DEVICE_FAMILY = "1,2";
				TEST_HOST = "$(BUILT_PRODUCTS_DIR)/Tasky.app/$(BUNDLE_EXECUTABLE_FOLDER_PATH)/Tasky";
			};
			name = Debug;
		};
		DC1C9F8E2B823EAA00F0070A /* Release */ = {
			isa = XCBuildConfiguration;
			buildSettings = {
				ALWAYS_EMBED_SWIFT_STANDARD_LIBRARIES = YES;
				BUNDLE_LOADER = "$(TEST_HOST)";
				CODE_SIGN_STYLE = Automatic;
				CURRENT_PROJECT_VERSION = 1;
				DEVELOPMENT_TEAM = 58TK88D4SZ;
				GENERATE_INFOPLIST_FILE = YES;
				IPHONEOS_DEPLOYMENT_TARGET = 17.0;
				MARKETING_VERSION = 1.0;
				PRODUCT_BUNDLE_IDENTIFIER = com.flexcode.TaskyTests;
				PRODUCT_NAME = "$(TARGET_NAME)";
				SWIFT_EMIT_LOC_STRINGS = NO;
				SWIFT_VERSION = 5.0;
				TARGETED_DEVICE_FAMILY = "1,2";
				TEST_HOST = "$(BUILT_PRODUCTS_DIR)/Tasky.app/$(BUNDLE_EXECUTABLE_FOLDER_PATH)/Tasky";
			};
			name = Release;
		};
		DC1C9F902B823EAA00F0070A /* Debug */ = {
			isa = XCBuildConfiguration;
			buildSettings = {
				ALWAYS_EMBED_SWIFT_STANDARD_LIBRARIES = YES;
				CODE_SIGN_STYLE = Automatic;
				CURRENT_PROJECT_VERSION = 1;
				DEVELOPMENT_TEAM = 58TK88D4SZ;
				GENERATE_INFOPLIST_FILE = YES;
				MARKETING_VERSION = 1.0;
				PRODUCT_BUNDLE_IDENTIFIER = com.flexcode.TaskyUITests;
				PRODUCT_NAME = "$(TARGET_NAME)";
				SWIFT_EMIT_LOC_STRINGS = NO;
				SWIFT_VERSION = 5.0;
				TARGETED_DEVICE_FAMILY = "1,2";
				TEST_TARGET_NAME = Tasky;
			};
			name = Debug;
		};
		DC1C9F912B823EAA00F0070A /* Release */ = {
			isa = XCBuildConfiguration;
			buildSettings = {
				ALWAYS_EMBED_SWIFT_STANDARD_LIBRARIES = YES;
				CODE_SIGN_STYLE = Automatic;
				CURRENT_PROJECT_VERSION = 1;
				DEVELOPMENT_TEAM = 58TK88D4SZ;
				GENERATE_INFOPLIST_FILE = YES;
				MARKETING_VERSION = 1.0;
				PRODUCT_BUNDLE_IDENTIFIER = com.flexcode.TaskyUITests;
				PRODUCT_NAME = "$(TARGET_NAME)";
				SWIFT_EMIT_LOC_STRINGS = NO;
				SWIFT_VERSION = 5.0;
				TARGETED_DEVICE_FAMILY = "1,2";
				TEST_TARGET_NAME = Tasky;
			};
			name = Release;
		};
/* End XCBuildConfiguration section */

/* Begin XCConfigurationList section */
		DC1C9F602B823EA700F0070A /* Build configuration list for PBXProject "Tasky" */ = {
			isa = XCConfigurationList;
			buildConfigurations = (
				DC1C9F872B823EAA00F0070A /* Debug */,
				DC1C9F882B823EAA00F0070A /* Release */,
			);
			defaultConfigurationIsVisible = 0;
			defaultConfigurationName = Release;
		};
		DC1C9F892B823EAA00F0070A /* Build configuration list for PBXNativeTarget "Tasky" */ = {
			isa = XCConfigurationList;
			buildConfigurations = (
				DC1C9F8A2B823EAA00F0070A /* Debug */,
				DC1C9F8B2B823EAA00F0070A /* Release */,
			);
			defaultConfigurationIsVisible = 0;
			defaultConfigurationName = Release;
		};
		DC1C9F8C2B823EAA00F0070A /* Build configuration list for PBXNativeTarget "TaskyTests" */ = {
			isa = XCConfigurationList;
			buildConfigurations = (
				DC1C9F8D2B823EAA00F0070A /* Debug */,
				DC1C9F8E2B823EAA00F0070A /* Release */,
			);
			defaultConfigurationIsVisible = 0;
			defaultConfigurationName = Release;
		};
		DC1C9F8F2B823EAA00F0070A /* Build configuration list for PBXNativeTarget "TaskyUITests" */ = {
			isa = XCConfigurationList;
			buildConfigurations = (
				DC1C9F902B823EAA00F0070A /* Debug */,
				DC1C9F912B823EAA00F0070A /* Release */,
			);
			defaultConfigurationIsVisible = 0;
			defaultConfigurationName = Release;
		};
/* End XCConfigurationList section */
	};
	rootObject = DC1C9F5D2B823EA700F0070A /* Project object */;
}
